// !$*UTF8*$!
{
	archiveVersion = 1;
	classes = {
	};
	objectVersion = 56;
	objects = {

/* Begin PBXBuildFile section */
		93A5E4F6296FE40000E0B0F5 /* TestAppApp.swift in Sources */ = {isa = PBXBuildFile; fileRef = 93A5E4F5296FE40000E0B0F5 /* TestAppApp.swift */; };
		93A5E4F8296FE40000E0B0F5 /* Persistence.swift in Sources */ = {isa = PBXBuildFile; fileRef = 93A5E4F7296FE40000E0B0F5 /* Persistence.swift */; };
		93A5E4FB296FE40000E0B0F5 /* TestApp.xcdatamodeld in Sources */ = {isa = PBXBuildFile; fileRef = 93A5E4F9296FE40000E0B0F5 /* TestApp.xcdatamodeld */; };
		93A5E4FD296FE40000E0B0F5 /* ContentView.swift in Sources */ = {isa = PBXBuildFile; fileRef = 93A5E4FC296FE40000E0B0F5 /* ContentView.swift */; };
		93A5E4FF296FE40100E0B0F5 /* Assets.xcassets in Resources */ = {isa = PBXBuildFile; fileRef = 93A5E4FE296FE40100E0B0F5 /* Assets.xcassets */; };
		93A5E503296FE40100E0B0F5 /* Preview Assets.xcassets in Resources */ = {isa = PBXBuildFile; fileRef = 93A5E502296FE40100E0B0F5 /* Preview Assets.xcassets */; };
		93A5E50D296FE40200E0B0F5 /* TestAppTests.swift in Sources */ = {isa = PBXBuildFile; fileRef = 93A5E50C296FE40200E0B0F5 /* TestAppTests.swift */; };
		93A5E517296FE40200E0B0F5 /* TestAppUITests.swift in Sources */ = {isa = PBXBuildFile; fileRef = 93A5E516296FE40200E0B0F5 /* TestAppUITests.swift */; };
		93A5E519296FE40200E0B0F5 /* TestAppUITestsLaunchTests.swift in Sources */ = {isa = PBXBuildFile; fileRef = 93A5E518296FE40200E0B0F5 /* TestAppUITestsLaunchTests.swift */; };
/* End PBXBuildFile section */

/* Begin PBXContainerItemProxy section */
		93A5E509296FE40200E0B0F5 /* PBXContainerItemProxy */ = {
			isa = PBXContainerItemProxy;
			containerPortal = 93A5E4EA296FE3FF00E0B0F5 /* Project object */;
			proxyType = 1;
			remoteGlobalIDString = 93A5E4F1296FE40000E0B0F5;
			remoteInfo = TestApp;
		};
		93A5E513296FE40200E0B0F5 /* PBXContainerItemProxy */ = {
			isa = PBXContainerItemProxy;
			containerPortal = 93A5E4EA296FE3FF00E0B0F5 /* Project object */;
			proxyType = 1;
			remoteGlobalIDString = 93A5E4F1296FE40000E0B0F5;
			remoteInfo = TestApp;
		};
/* End PBXContainerItemProxy section */

/* Begin PBXFileReference section */
		93A5E4F2296FE40000E0B0F5 /* TestApp.app */ = {isa = PBXFileReference; explicitFileType = wrapper.application; includeInIndex = 0; path = TestApp.app; sourceTree = BUILT_PRODUCTS_DIR; };
		93A5E4F5296FE40000E0B0F5 /* TestAppApp.swift */ = {isa = PBXFileReference; lastKnownFileType = sourcecode.swift; path = TestAppApp.swift; sourceTree = "<group>"; };
		93A5E4F7296FE40000E0B0F5 /* Persistence.swift */ = {isa = PBXFileReference; lastKnownFileType = sourcecode.swift; path = Persistence.swift; sourceTree = "<group>"; };
		93A5E4FA296FE40000E0B0F5 /* TestApp.xcdatamodel */ = {isa = PBXFileReference; lastKnownFileType = wrapper.xcdatamodel; path = TestApp.xcdatamodel; sourceTree = "<group>"; };
		93A5E4FC296FE40000E0B0F5 /* ContentView.swift */ = {isa = PBXFileReference; lastKnownFileType = sourcecode.swift; path = ContentView.swift; sourceTree = "<group>"; };
		93A5E4FE296FE40100E0B0F5 /* Assets.xcassets */ = {isa = PBXFileReference; lastKnownFileType = folder.assetcatalog; path = Assets.xcassets; sourceTree = "<group>"; };
		93A5E500296FE40100E0B0F5 /* TestApp.entitlements */ = {isa = PBXFileReference; lastKnownFileType = text.plist.entitlements; path = TestApp.entitlements; sourceTree = "<group>"; };
		93A5E502296FE40100E0B0F5 /* Preview Assets.xcassets */ = {isa = PBXFileReference; lastKnownFileType = folder.assetcatalog; path = "Preview Assets.xcassets"; sourceTree = "<group>"; };
		93A5E508296FE40200E0B0F5 /* TestAppTests.xctest */ = {isa = PBXFileReference; explicitFileType = wrapper.cfbundle; includeInIndex = 0; path = TestAppTests.xctest; sourceTree = BUILT_PRODUCTS_DIR; };
		93A5E50C296FE40200E0B0F5 /* TestAppTests.swift */ = {isa = PBXFileReference; lastKnownFileType = sourcecode.swift; path = TestAppTests.swift; sourceTree = "<group>"; };
		93A5E512296FE40200E0B0F5 /* TestAppUITests.xctest */ = {isa = PBXFileReference; explicitFileType = wrapper.cfbundle; includeInIndex = 0; path = TestAppUITests.xctest; sourceTree = BUILT_PRODUCTS_DIR; };
		93A5E516296FE40200E0B0F5 /* TestAppUITests.swift */ = {isa = PBXFileReference; lastKnownFileType = sourcecode.swift; path = TestAppUITests.swift; sourceTree = "<group>"; };
		93A5E518296FE40200E0B0F5 /* TestAppUITestsLaunchTests.swift */ = {isa = PBXFileReference; lastKnownFileType = sourcecode.swift; path = TestAppUITestsLaunchTests.swift; sourceTree = "<group>"; };
/* End PBXFileReference section */

/* Begin PBXFrameworksBuildPhase section */
		93A5E4EF296FE40000E0B0F5 /* Frameworks */ = {
			isa = PBXFrameworksBuildPhase;
			buildActionMask = 2147483647;
			files = (
			);
			runOnlyForDeploymentPostprocessing = 0;
		};
		93A5E505296FE40200E0B0F5 /* Frameworks */ = {
			isa = PBXFrameworksBuildPhase;
			buildActionMask = 2147483647;
			files = (
			);
			runOnlyForDeploymentPostprocessing = 0;
		};
		93A5E50F296FE40200E0B0F5 /* Frameworks */ = {
			isa = PBXFrameworksBuildPhase;
			buildActionMask = 2147483647;
			files = (
			);
			runOnlyForDeploymentPostprocessing = 0;
		};
/* End PBXFrameworksBuildPhase section */

/* Begin PBXGroup section */
		93A5E4E9296FE3FF00E0B0F5 = {
			isa = PBXGroup;
			children = (
				93A5E4F4296FE40000E0B0F5 /* TestApp */,
				93A5E50B296FE40200E0B0F5 /* TestAppTests */,
				93A5E515296FE40200E0B0F5 /* TestAppUITests */,
				93A5E4F3296FE40000E0B0F5 /* Products */,
			);
			sourceTree = "<group>";
		};
		93A5E4F3296FE40000E0B0F5 /* Products */ = {
			isa = PBXGroup;
			children = (
				93A5E4F2296FE40000E0B0F5 /* TestApp.app */,
				93A5E508296FE40200E0B0F5 /* TestAppTests.xctest */,
				93A5E512296FE40200E0B0F5 /* TestAppUITests.xctest */,
			);
			name = Products;
			sourceTree = "<group>";
		};
		93A5E4F4296FE40000E0B0F5 /* TestApp */ = {
			isa = PBXGroup;
			children = (
				93A5E4F5296FE40000E0B0F5 /* TestAppApp.swift */,
				93A5E4F7296FE40000E0B0F5 /* Persistence.swift */,
				93A5E4FC296FE40000E0B0F5 /* ContentView.swift */,
				93A5E4FE296FE40100E0B0F5 /* Assets.xcassets */,
				93A5E500296FE40100E0B0F5 /* TestApp.entitlements */,
				93A5E4F9296FE40000E0B0F5 /* TestApp.xcdatamodeld */,
				93A5E501296FE40100E0B0F5 /* Preview Content */,
			);
			path = TestApp;
			sourceTree = "<group>";
		};
		93A5E501296FE40100E0B0F5 /* Preview Content */ = {
			isa = PBXGroup;
			children = (
				93A5E502296FE40100E0B0F5 /* Preview Assets.xcassets */,
			);
			path = "Preview Content";
			sourceTree = "<group>";
		};
		93A5E50B296FE40200E0B0F5 /* TestAppTests */ = {
			isa = PBXGroup;
			children = (
				93A5E50C296FE40200E0B0F5 /* TestAppTests.swift */,
			);
			path = TestAppTests;
			sourceTree = "<group>";
		};
		93A5E515296FE40200E0B0F5 /* TestAppUITests */ = {
			isa = PBXGroup;
			children = (
				93A5E516296FE40200E0B0F5 /* TestAppUITests.swift */,
				93A5E518296FE40200E0B0F5 /* TestAppUITestsLaunchTests.swift */,
			);
			path = TestAppUITests;
			sourceTree = "<group>";
		};
/* End PBXGroup section */

/* Begin PBXNativeTarget section */
		93A5E4F1296FE40000E0B0F5 /* TestApp */ = {
			isa = PBXNativeTarget;
			buildConfigurationList = 93A5E51C296FE40200E0B0F5 /* Build configuration list for PBXNativeTarget "TestApp" */;
			buildPhases = (
				93A5E4EE296FE40000E0B0F5 /* Sources */,
				93A5E4EF296FE40000E0B0F5 /* Frameworks */,
				93A5E4F0296FE40000E0B0F5 /* Resources */,
			);
			buildRules = (
			);
			dependencies = (
			);
			name = TestApp;
			productName = TestApp;
			productReference = 93A5E4F2296FE40000E0B0F5 /* TestApp.app */;
			productType = "com.apple.product-type.application";
		};
		93A5E507296FE40200E0B0F5 /* TestAppTests */ = {
			isa = PBXNativeTarget;
			buildConfigurationList = 93A5E51F296FE40200E0B0F5 /* Build configuration list for PBXNativeTarget "TestAppTests" */;
			buildPhases = (
				93A5E504296FE40200E0B0F5 /* Sources */,
				93A5E505296FE40200E0B0F5 /* Frameworks */,
				93A5E506296FE40200E0B0F5 /* Resources */,
			);
			buildRules = (
			);
			dependencies = (
				93A5E50A296FE40200E0B0F5 /* PBXTargetDependency */,
			);
			name = TestAppTests;
			productName = TestAppTests;
			productReference = 93A5E508296FE40200E0B0F5 /* TestAppTests.xctest */;
			productType = "com.apple.product-type.bundle.unit-test";
		};
		93A5E511296FE40200E0B0F5 /* TestAppUITests */ = {
			isa = PBXNativeTarget;
			buildConfigurationList = 93A5E522296FE40200E0B0F5 /* Build configuration list for PBXNativeTarget "TestAppUITests" */;
			buildPhases = (
				93A5E50E296FE40200E0B0F5 /* Sources */,
				93A5E50F296FE40200E0B0F5 /* Frameworks */,
				93A5E510296FE40200E0B0F5 /* Resources */,
			);
			buildRules = (
			);
			dependencies = (
				93A5E514296FE40200E0B0F5 /* PBXTargetDependency */,
			);
			name = TestAppUITests;
			productName = TestAppUITests;
			productReference = 93A5E512296FE40200E0B0F5 /* TestAppUITests.xctest */;
			productType = "com.apple.product-type.bundle.ui-testing";
		};
/* End PBXNativeTarget section */

/* Begin PBXProject section */
		93A5E4EA296FE3FF00E0B0F5 /* Project object */ = {
			isa = PBXProject;
			attributes = {
				BuildIndependentTargetsInParallel = 1;
				LastSwiftUpdateCheck = 1420;
				LastUpgradeCheck = 1420;
				TargetAttributes = {
					93A5E4F1296FE40000E0B0F5 = {
						CreatedOnToolsVersion = 14.2;
					};
					93A5E507296FE40200E0B0F5 = {
						CreatedOnToolsVersion = 14.2;
						TestTargetID = 93A5E4F1296FE40000E0B0F5;
					};
					93A5E511296FE40200E0B0F5 = {
						CreatedOnToolsVersion = 14.2;
						TestTargetID = 93A5E4F1296FE40000E0B0F5;
					};
				};
			};
			buildConfigurationList = 93A5E4ED296FE3FF00E0B0F5 /* Build configuration list for PBXProject "TestApp" */;
			compatibilityVersion = "Xcode 14.0";
			developmentRegion = en;
			hasScannedForEncodings = 0;
			knownRegions = (
				en,
				Base,
			);
			mainGroup = 93A5E4E9296FE3FF00E0B0F5;
			productRefGroup = 93A5E4F3296FE40000E0B0F5 /* Products */;
			projectDirPath = "";
			projectRoot = "";
			targets = (
				93A5E4F1296FE40000E0B0F5 /* TestApp */,
				93A5E507296FE40200E0B0F5 /* TestAppTests */,
				93A5E511296FE40200E0B0F5 /* TestAppUITests */,
			);
		};
/* End PBXProject section */

/* Begin PBXResourcesBuildPhase section */
		93A5E4F0296FE40000E0B0F5 /* Resources */ = {
			isa = PBXResourcesBuildPhase;
			buildActionMask = 2147483647;
			files = (
				93A5E503296FE40100E0B0F5 /* Preview Assets.xcassets in Resources */,
				93A5E4FF296FE40100E0B0F5 /* Assets.xcassets in Resources */,
			);
			runOnlyForDeploymentPostprocessing = 0;
		};
		93A5E506296FE40200E0B0F5 /* Resources */ = {
			isa = PBXResourcesBuildPhase;
			buildActionMask = 2147483647;
			files = (
			);
			runOnlyForDeploymentPostprocessing = 0;
		};
		93A5E510296FE40200E0B0F5 /* Resources */ = {
			isa = PBXResourcesBuildPhase;
			buildActionMask = 2147483647;
			files = (
			);
			runOnlyForDeploymentPostprocessing = 0;
		};
/* End PBXResourcesBuildPhase section */

/* Begin PBXSourcesBuildPhase section */
		93A5E4EE296FE40000E0B0F5 /* Sources */ = {
			isa = PBXSourcesBuildPhase;
			buildActionMask = 2147483647;
			files = (
				93A5E4F6296FE40000E0B0F5 /* TestAppApp.swift in Sources */,
				93A5E4FB296FE40000E0B0F5 /* TestApp.xcdatamodeld in Sources */,
				93A5E4FD296FE40000E0B0F5 /* ContentView.swift in Sources */,
				93A5E4F8296FE40000E0B0F5 /* Persistence.swift in Sources */,
			);
			runOnlyForDeploymentPostprocessing = 0;
		};
		93A5E504296FE40200E0B0F5 /* Sources */ = {
			isa = PBXSourcesBuildPhase;
			buildActionMask = 2147483647;
			files = (
				93A5E50D296FE40200E0B0F5 /* TestAppTests.swift in Sources */,
			);
			runOnlyForDeploymentPostprocessing = 0;
		};
		93A5E50E296FE40200E0B0F5 /* Sources */ = {
			isa = PBXSourcesBuildPhase;
			buildActionMask = 2147483647;
			files = (
				93A5E519296FE40200E0B0F5 /* TestAppUITestsLaunchTests.swift in Sources */,
				93A5E517296FE40200E0B0F5 /* TestAppUITests.swift in Sources */,
			);
			runOnlyForDeploymentPostprocessing = 0;
		};
/* End PBXSourcesBuildPhase section */

/* Begin PBXTargetDependency section */
		93A5E50A296FE40200E0B0F5 /* PBXTargetDependency */ = {
			isa = PBXTargetDependency;
			target = 93A5E4F1296FE40000E0B0F5 /* TestApp */;
			targetProxy = 93A5E509296FE40200E0B0F5 /* PBXContainerItemProxy */;
		};
		93A5E514296FE40200E0B0F5 /* PBXTargetDependency */ = {
			isa = PBXTargetDependency;
			target = 93A5E4F1296FE40000E0B0F5 /* TestApp */;
			targetProxy = 93A5E513296FE40200E0B0F5 /* PBXContainerItemProxy */;
		};
/* End PBXTargetDependency section */

/* Begin XCBuildConfiguration section */
		93A5E51A296FE40200E0B0F5 /* Debug */ = {
			isa = XCBuildConfiguration;
			buildSettings = {
				ALWAYS_SEARCH_USER_PATHS = NO;
				CLANG_ANALYZER_NONNULL = YES;
				CLANG_ANALYZER_NUMBER_OBJECT_CONVERSION = YES_AGGRESSIVE;
				CLANG_CXX_LANGUAGE_STANDARD = "gnu++20";
				CLANG_ENABLE_MODULES = YES;
				CLANG_ENABLE_OBJC_ARC = YES;
				CLANG_ENABLE_OBJC_WEAK = YES;
				CLANG_WARN_BLOCK_CAPTURE_AUTORELEASING = YES;
				CLANG_WARN_BOOL_CONVERSION = YES;
				CLANG_WARN_COMMA = YES;
				CLANG_WARN_CONSTANT_CONVERSION = YES;
				CLANG_WARN_DEPRECATED_OBJC_IMPLEMENTATIONS = YES;
				CLANG_WARN_DIRECT_OBJC_ISA_USAGE = YES_ERROR;
				CLANG_WARN_DOCUMENTATION_COMMENTS = YES;
				CLANG_WARN_EMPTY_BODY = YES;
				CLANG_WARN_ENUM_CONVERSION = YES;
				CLANG_WARN_INFINITE_RECURSION = YES;
				CLANG_WARN_INT_CONVERSION = YES;
				CLANG_WARN_NON_LITERAL_NULL_CONVERSION = YES;
				CLANG_WARN_OBJC_IMPLICIT_RETAIN_SELF = YES;
				CLANG_WARN_OBJC_LITERAL_CONVERSION = YES;
				CLANG_WARN_OBJC_ROOT_CLASS = YES_ERROR;
				CLANG_WARN_QUOTED_INCLUDE_IN_FRAMEWORK_HEADER = YES;
				CLANG_WARN_RANGE_LOOP_ANALYSIS = YES;
				CLANG_WARN_STRICT_PROTOTYPES = YES;
				CLANG_WARN_SUSPICIOUS_MOVE = YES;
				CLANG_WARN_UNGUARDED_AVAILABILITY = YES_AGGRESSIVE;
				CLANG_WARN_UNREACHABLE_CODE = YES;
				CLANG_WARN__DUPLICATE_METHOD_MATCH = YES;
				COPY_PHASE_STRIP = NO;
				DEBUG_INFORMATION_FORMAT = dwarf;
				ENABLE_STRICT_OBJC_MSGSEND = YES;
				ENABLE_TESTABILITY = YES;
				GCC_C_LANGUAGE_STANDARD = gnu11;
				GCC_DYNAMIC_NO_PIC = NO;
				GCC_NO_COMMON_BLOCKS = YES;
				GCC_OPTIMIZATION_LEVEL = 0;
				GCC_PREPROCESSOR_DEFINITIONS = (
					"DEBUG=1",
					"$(inherited)",
				);
				GCC_WARN_64_TO_32_BIT_CONVERSION = YES;
				GCC_WARN_ABOUT_RETURN_TYPE = YES_ERROR;
				GCC_WARN_UNDECLARED_SELECTOR = YES;
				GCC_WARN_UNINITIALIZED_AUTOS = YES_AGGRESSIVE;
				GCC_WARN_UNUSED_FUNCTION = YES;
				GCC_WARN_UNUSED_VARIABLE = YES;
				MTL_ENABLE_DEBUG_INFO = INCLUDE_SOURCE;
				MTL_FAST_MATH = YES;
				ONLY_ACTIVE_ARCH = YES;
				SWIFT_ACTIVE_COMPILATION_CONDITIONS = DEBUG;
				SWIFT_OPTIMIZATION_LEVEL = "-Onone";
			};
			name = Debug;
		};
		93A5E51B296FE40200E0B0F5 /* Release */ = {
			isa = XCBuildConfiguration;
			buildSettings = {
				ALWAYS_SEARCH_USER_PATHS = NO;
				CLANG_ANALYZER_NONNULL = YES;
				CLANG_ANALYZER_NUMBER_OBJECT_CONVERSION = YES_AGGRESSIVE;
				CLANG_CXX_LANGUAGE_STANDARD = "gnu++20";
				CLANG_ENABLE_MODULES = YES;
				CLANG_ENABLE_OBJC_ARC = YES;
				CLANG_ENABLE_OBJC_WEAK = YES;
				CLANG_WARN_BLOCK_CAPTURE_AUTORELEASING = YES;
				CLANG_WARN_BOOL_CONVERSION = YES;
				CLANG_WARN_COMMA = YES;
				CLANG_WARN_CONSTANT_CONVERSION = YES;
				CLANG_WARN_DEPRECATED_OBJC_IMPLEMENTATIONS = YES;
				CLANG_WARN_DIRECT_OBJC_ISA_USAGE = YES_ERROR;
				CLANG_WARN_DOCUMENTATION_COMMENTS = YES;
				CLANG_WARN_EMPTY_BODY = YES;
				CLANG_WARN_ENUM_CONVERSION = YES;
				CLANG_WARN_INFINITE_RECURSION = YES;
				CLANG_WARN_INT_CONVERSION = YES;
				CLANG_WARN_NON_LITERAL_NULL_CONVERSION = YES;
				CLANG_WARN_OBJC_IMPLICIT_RETAIN_SELF = YES;
				CLANG_WARN_OBJC_LITERAL_CONVERSION = YES;
				CLANG_WARN_OBJC_ROOT_CLASS = YES_ERROR;
				CLANG_WARN_QUOTED_INCLUDE_IN_FRAMEWORK_HEADER = YES;
				CLANG_WARN_RANGE_LOOP_ANALYSIS = YES;
				CLANG_WARN_STRICT_PROTOTYPES = YES;
				CLANG_WARN_SUSPICIOUS_MOVE = YES;
				CLANG_WARN_UNGUARDED_AVAILABILITY = YES_AGGRESSIVE;
				CLANG_WARN_UNREACHABLE_CODE = YES;
				CLANG_WARN__DUPLICATE_METHOD_MATCH = YES;
				COPY_PHASE_STRIP = NO;
				DEBUG_INFORMATION_FORMAT = "dwarf-with-dsym";
				ENABLE_NS_ASSERTIONS = NO;
				ENABLE_STRICT_OBJC_MSGSEND = YES;
				GCC_C_LANGUAGE_STANDARD = gnu11;
				GCC_NO_COMMON_BLOCKS = YES;
				GCC_WARN_64_TO_32_BIT_CONVERSION = YES;
				GCC_WARN_ABOUT_RETURN_TYPE = YES_ERROR;
				GCC_WARN_UNDECLARED_SELECTOR = YES;
				GCC_WARN_UNINITIALIZED_AUTOS = YES_AGGRESSIVE;
				GCC_WARN_UNUSED_FUNCTION = YES;
				GCC_WARN_UNUSED_VARIABLE = YES;
				MTL_ENABLE_DEBUG_INFO = NO;
				MTL_FAST_MATH = YES;
				SWIFT_COMPILATION_MODE = wholemodule;
				SWIFT_OPTIMIZATION_LEVEL = "-O";
			};
			name = Release;
		};
		93A5E51D296FE40200E0B0F5 /* Debug */ = {
			isa = XCBuildConfiguration;
			buildSettings = {
				ASSETCATALOG_COMPILER_APPICON_NAME = AppIcon;
				ASSETCATALOG_COMPILER_GLOBAL_ACCENT_COLOR_NAME = AccentColor;
				CODE_SIGN_ENTITLEMENTS = TestApp/TestApp.entitlements;
				CODE_SIGN_STYLE = Automatic;
				CURRENT_PROJECT_VERSION = 1;
				DEVELOPMENT_ASSET_PATHS = "\"TestApp/Preview Content\"";
				ENABLE_PREVIEWS = YES;
				GENERATE_INFOPLIST_FILE = YES;
				"INFOPLIST_KEY_UIApplicationSceneManifest_Generation[sdk=iphoneos*]" = YES;
				"INFOPLIST_KEY_UIApplicationSceneManifest_Generation[sdk=iphonesimulator*]" = YES;
				"INFOPLIST_KEY_UIApplicationSupportsIndirectInputEvents[sdk=iphoneos*]" = YES;
				"INFOPLIST_KEY_UIApplicationSupportsIndirectInputEvents[sdk=iphonesimulator*]" = YES;
				"INFOPLIST_KEY_UILaunchScreen_Generation[sdk=iphoneos*]" = YES;
				"INFOPLIST_KEY_UILaunchScreen_Generation[sdk=iphonesimulator*]" = YES;
				"INFOPLIST_KEY_UIStatusBarStyle[sdk=iphoneos*]" = UIStatusBarStyleDefault;
				"INFOPLIST_KEY_UIStatusBarStyle[sdk=iphonesimulator*]" = UIStatusBarStyleDefault;
				INFOPLIST_KEY_UISupportedInterfaceOrientations_iPad = "UIInterfaceOrientationPortrait UIInterfaceOrientationPortraitUpsideDown UIInterfaceOrientationLandscapeLeft UIInterfaceOrientationLandscapeRight";
				INFOPLIST_KEY_UISupportedInterfaceOrientations_iPhone = "UIInterfaceOrientationPortrait UIInterfaceOrientationLandscapeLeft UIInterfaceOrientationLandscapeRight";
				IPHONEOS_DEPLOYMENT_TARGET = 16.2;
				LD_RUNPATH_SEARCH_PATHS = "@executable_path/Frameworks";
				"LD_RUNPATH_SEARCH_PATHS[sdk=macosx*]" = "@executable_path/../Frameworks";
				MACOSX_DEPLOYMENT_TARGET = 13.0;
				MARKETING_VERSION = 1.0;
				PRODUCT_BUNDLE_IDENTIFIER = test.TestApp;
				PRODUCT_NAME = "$(TARGET_NAME)";
				SDKROOT = auto;
				SUPPORTED_PLATFORMS = "iphoneos iphonesimulator macosx";
				SWIFT_EMIT_LOC_STRINGS = YES;
				SWIFT_VERSION = 5.0;
				TARGETED_DEVICE_FAMILY = "1,2";
			};
			name = Debug;
		};
		93A5E51E296FE40200E0B0F5 /* Release */ = {
			isa = XCBuildConfiguration;
			buildSettings = {
				ASSETCATALOG_COMPILER_APPICON_NAME = AppIcon;
				ASSETCATALOG_COMPILER_GLOBAL_ACCENT_COLOR_NAME = AccentColor;
				CODE_SIGN_ENTITLEMENTS = TestApp/TestApp.entitlements;
				CODE_SIGN_STYLE = Automatic;
				CURRENT_PROJECT_VERSION = 1;
				DEVELOPMENT_ASSET_PATHS = "\"TestApp/Preview Content\"";
				ENABLE_PREVIEWS = YES;
				GENERATE_INFOPLIST_FILE = YES;
				"INFOPLIST_KEY_UIApplicationSceneManifest_Generation[sdk=iphoneos*]" = YES;
				"INFOPLIST_KEY_UIApplicationSceneManifest_Generation[sdk=iphonesimulator*]" = YES;
				"INFOPLIST_KEY_UIApplicationSupportsIndirectInputEvents[sdk=iphoneos*]" = YES;
				"INFOPLIST_KEY_UIApplicationSupportsIndirectInputEvents[sdk=iphonesimulator*]" = YES;
				"INFOPLIST_KEY_UILaunchScreen_Generation[sdk=iphoneos*]" = YES;
				"INFOPLIST_KEY_UILaunchScreen_Generation[sdk=iphonesimulator*]" = YES;
				"INFOPLIST_KEY_UIStatusBarStyle[sdk=iphoneos*]" = UIStatusBarStyleDefault;
				"INFOPLIST_KEY_UIStatusBarStyle[sdk=iphonesimulator*]" = UIStatusBarStyleDefault;
				INFOPLIST_KEY_UISupportedInterfaceOrientations_iPad = "UIInterfaceOrientationPortrait UIInterfaceOrientationPortraitUpsideDown UIInterfaceOrientationLandscapeLeft UIInterfaceOrientationLandscapeRight";
				INFOPLIST_KEY_UISupportedInterfaceOrientations_iPhone = "UIInterfaceOrientationPortrait UIInterfaceOrientationLandscapeLeft UIInterfaceOrientationLandscapeRight";
				IPHONEOS_DEPLOYMENT_TARGET = 16.2;
				LD_RUNPATH_SEARCH_PATHS = "@executable_path/Frameworks";
				"LD_RUNPATH_SEARCH_PATHS[sdk=macosx*]" = "@executable_path/../Frameworks";
				MACOSX_DEPLOYMENT_TARGET = 13.0;
				MARKETING_VERSION = 1.0;
				PRODUCT_BUNDLE_IDENTIFIER = test.TestApp;
				PRODUCT_NAME = "$(TARGET_NAME)";
				SDKROOT = auto;
				SUPPORTED_PLATFORMS = "iphoneos iphonesimulator macosx";
				SWIFT_EMIT_LOC_STRINGS = YES;
				SWIFT_VERSION = 5.0;
				TARGETED_DEVICE_FAMILY = "1,2";
			};
			name = Release;
		};
		93A5E520296FE40200E0B0F5 /* Debug */ = {
			isa = XCBuildConfiguration;
			buildSettings = {
				ALWAYS_EMBED_SWIFT_STANDARD_LIBRARIES = YES;
				BUNDLE_LOADER = "$(TEST_HOST)";
				CODE_SIGN_STYLE = Automatic;
				CURRENT_PROJECT_VERSION = 1;
				GENERATE_INFOPLIST_FILE = YES;
				IPHONEOS_DEPLOYMENT_TARGET = 16.2;
				MACOSX_DEPLOYMENT_TARGET = 13.0;
				MARKETING_VERSION = 1.0;
				PRODUCT_BUNDLE_IDENTIFIER = test.TestAppTests;
				PRODUCT_NAME = "$(TARGET_NAME)";
				SDKROOT = auto;
				SUPPORTED_PLATFORMS = "iphoneos iphonesimulator macosx";
				SWIFT_EMIT_LOC_STRINGS = NO;
				SWIFT_VERSION = 5.0;
				TARGETED_DEVICE_FAMILY = "1,2";
				TEST_HOST = "$(BUILT_PRODUCTS_DIR)/TestApp.app/$(BUNDLE_EXECUTABLE_FOLDER_PATH)/TestApp";
			};
			name = Debug;
		};
		93A5E521296FE40200E0B0F5 /* Release */ = {
			isa = XCBuildConfiguration;
			buildSettings = {
				ALWAYS_EMBED_SWIFT_STANDARD_LIBRARIES = YES;
				BUNDLE_LOADER = "$(TEST_HOST)";
				CODE_SIGN_STYLE = Automatic;
				CURRENT_PROJECT_VERSION = 1;
				GENERATE_INFOPLIST_FILE = YES;
				IPHONEOS_DEPLOYMENT_TARGET = 16.2;
				MACOSX_DEPLOYMENT_TARGET = 13.0;
				MARKETING_VERSION = 1.0;
				PRODUCT_BUNDLE_IDENTIFIER = test.TestAppTests;
				PRODUCT_NAME = "$(TARGET_NAME)";
				SDKROOT = auto;
				SUPPORTED_PLATFORMS = "iphoneos iphonesimulator macosx";
				SWIFT_EMIT_LOC_STRINGS = NO;
				SWIFT_VERSION = 5.0;
				TARGETED_DEVICE_FAMILY = "1,2";
				TEST_HOST = "$(BUILT_PRODUCTS_DIR)/TestApp.app/$(BUNDLE_EXECUTABLE_FOLDER_PATH)/TestApp";
			};
			name = Release;
		};
		93A5E523296FE40200E0B0F5 /* Debug */ = {
			isa = XCBuildConfiguration;
			buildSettings = {
				ALWAYS_EMBED_SWIFT_STANDARD_LIBRARIES = YES;
				CODE_SIGN_STYLE = Automatic;
				CURRENT_PROJECT_VERSION = 1;
				GENERATE_INFOPLIST_FILE = YES;
				IPHONEOS_DEPLOYMENT_TARGET = 16.2;
				MACOSX_DEPLOYMENT_TARGET = 13.0;
				MARKETING_VERSION = 1.0;
				PRODUCT_BUNDLE_IDENTIFIER = test.TestAppUITests;
				PRODUCT_NAME = "$(TARGET_NAME)";
				SDKROOT = auto;
				SUPPORTED_PLATFORMS = "iphoneos iphonesimulator macosx";
				SWIFT_EMIT_LOC_STRINGS = NO;
				SWIFT_VERSION = 5.0;
				TARGETED_DEVICE_FAMILY = "1,2";
				TEST_TARGET_NAME = TestApp;
			};
			name = Debug;
		};
		93A5E524296FE40200E0B0F5 /* Release */ = {
			isa = XCBuildConfiguration;
			buildSettings = {
				ALWAYS_EMBED_SWIFT_STANDARD_LIBRARIES = YES;
				CODE_SIGN_STYLE = Automatic;
				CURRENT_PROJECT_VERSION = 1;
				GENERATE_INFOPLIST_FILE = YES;
				IPHONEOS_DEPLOYMENT_TARGET = 16.2;
				MACOSX_DEPLOYMENT_TARGET = 13.0;
				MARKETING_VERSION = 1.0;
				PRODUCT_BUNDLE_IDENTIFIER = test.TestAppUITests;
				PRODUCT_NAME = "$(TARGET_NAME)";
				SDKROOT = auto;
				SUPPORTED_PLATFORMS = "iphoneos iphonesimulator macosx";
				SWIFT_EMIT_LOC_STRINGS = NO;
				SWIFT_VERSION = 5.0;
				TARGETED_DEVICE_FAMILY = "1,2";
				TEST_TARGET_NAME = TestApp;
			};
			name = Release;
		};
/* End XCBuildConfiguration section */

/* Begin XCConfigurationList section */
		93A5E4ED296FE3FF00E0B0F5 /* Build configuration list for PBXProject "TestApp" */ = {
			isa = XCConfigurationList;
			buildConfigurations = (
				93A5E51A296FE40200E0B0F5 /* Debug */,
				93A5E51B296FE40200E0B0F5 /* Release */,
			);
			defaultConfigurationIsVisible = 0;
			defaultConfigurationName = Release;
		};
		93A5E51C296FE40200E0B0F5 /* Build configuration list for PBXNativeTarget "TestApp" */ = {
			isa = XCConfigurationList;
			buildConfigurations = (
				93A5E51D296FE40200E0B0F5 /* Debug */,
				93A5E51E296FE40200E0B0F5 /* Release */,
			);
			defaultConfigurationIsVisible = 0;
			defaultConfigurationName = Release;
		};
		93A5E51F296FE40200E0B0F5 /* Build configuration list for PBXNativeTarget "TestAppTests" */ = {
			isa = XCConfigurationList;
			buildConfigurations = (
				93A5E520296FE40200E0B0F5 /* Debug */,
				93A5E521296FE40200E0B0F5 /* Release */,
			);
			defaultConfigurationIsVisible = 0;
			defaultConfigurationName = Release;
		};
		93A5E522296FE40200E0B0F5 /* Build configuration list for PBXNativeTarget "TestAppUITests" */ = {
			isa = XCConfigurationList;
			buildConfigurations = (
				93A5E523296FE40200E0B0F5 /* Debug */,
				93A5E524296FE40200E0B0F5 /* Release */,
			);
			defaultConfigurationIsVisible = 0;
			defaultConfigurationName = Release;
		};
/* End XCConfigurationList section */

/* Begin XCVersionGroup section */
		93A5E4F9296FE40000E0B0F5 /* TestApp.xcdatamodeld */ = {
			isa = XCVersionGroup;
			children = (
				93A5E4FA296FE40000E0B0F5 /* TestApp.xcdatamodel */,
			);
			currentVersion = 93A5E4FA296FE40000E0B0F5 /* TestApp.xcdatamodel */;
			path = TestApp.xcdatamodeld;
			sourceTree = "<group>";
			versionGroupType = wrapper.xcdatamodel;
		};
/* End XCVersionGroup section */
	};
	rootObject = 93A5E4EA296FE3FF00E0B0F5 /* Project object */;
}
